// !$*UTF8*$!
{
	archiveVersion = 1;
	classes = {
	};
	objectVersion = 52;
	objects = {

/* Begin PBXBuildFile section */
		514DF1E4E1142430278EA5AA /* Pods_Tranzlator.framework in Frameworks */ = {isa = PBXBuildFile; fileRef = 2BDFBF08FB418EDCAA88A1AE /* Pods_Tranzlator.framework */; };
		912A749C2689E19E00263A29 /* BuildFile in Frameworks */ = {isa = PBXBuildFile; productRef = 912A749B2689E19E00263A29 /* SwiftPackageProductDependency */; };
		912C0DD92697B42F0001A947 /* SupportedLanguagesView.swift in Sources */ = {isa = PBXBuildFile; fileRef = 912C0DD82697B42F0001A947 /* SupportedLanguagesView.swift */; };
		912D09B42694C13A00300703 /* GoogleIDSignIn.swift in Sources */ = {isa = PBXBuildFile; fileRef = 912D09B32694C13A00300703 /* GoogleIDSignIn.swift */; };
		912D09B62695DE8400300703 /* Log.swift in Sources */ = {isa = PBXBuildFile; fileRef = 912D09B52695DE8400300703 /* Log.swift */; };
		912D09B82695EC8D00300703 /* ProfileModel.swift in Sources */ = {isa = PBXBuildFile; fileRef = 912D09B72695EC8D00300703 /* ProfileModel.swift */; };
		912D09BA2696026000300703 /* API.swift in Sources */ = {isa = PBXBuildFile; fileRef = 912D09B92696026000300703 /* API.swift */; };
		912D09BC2696032100300703 /* TranslationModel.swift in Sources */ = {isa = PBXBuildFile; fileRef = 912D09BB2696032100300703 /* TranslationModel.swift */; };
		912D09C02696195400300703 /* MainView.swift in Sources */ = {isa = PBXBuildFile; fileRef = 912D09BF2696195400300703 /* MainView.swift */; };
		912D09C626963C5B00300703 /* TranslationView.swift in Sources */ = {isa = PBXBuildFile; fileRef = 912D09C526963C5B00300703 /* TranslationView.swift */; };
		912D09C82696469100300703 /* RoundedCorners.swift in Sources */ = {isa = PBXBuildFile; fileRef = 912D09C72696469100300703 /* RoundedCorners.swift */; };
		912D09CA269646B700300703 /* ActiveLanguagesView.swift in Sources */ = {isa = PBXBuildFile; fileRef = 912D09C9269646B700300703 /* ActiveLanguagesView.swift */; };
		912D09CC2696472700300703 /* MultilineTextField.swift in Sources */ = {isa = PBXBuildFile; fileRef = 912D09CB2696472700300703 /* MultilineTextField.swift */; };
		912D09CF269648F600300703 /* BuildFile in Frameworks */ = {isa = PBXBuildFile; productRef = 912D09CE269648F600300703 /* SwiftPackageProductDependency */; };
		913A38122698D956001EC26A /* RequestControllerModel.swift in Sources */ = {isa = PBXBuildFile; fileRef = 913A38112698D956001EC26A /* RequestControllerModel.swift */; };
		913A38142698DF02001EC26A /* TranslatedTextView.swift in Sources */ = {isa = PBXBuildFile; fileRef = 913A38132698DF02001EC26A /* TranslatedTextView.swift */; };
		913A381C2699CF25001EC26A /* TranslationModelDB.swift in Sources */ = {isa = PBXBuildFile; fileRef = 913A381B2699CF25001EC26A /* TranslationModelDB.swift */; };
		913A381E269A2F8C001EC26A /* TranslationsDB.swift in Sources */ = {isa = PBXBuildFile; fileRef = 913A381D269A2F8C001EC26A /* TranslationsDB.swift */; };
		913A3820269A315B001EC26A /* LibraryView.swift in Sources */ = {isa = PBXBuildFile; fileRef = 913A381F269A315B001EC26A /* LibraryView.swift */; };
		91505C4E269693CE003F913D /* AppControlsTopBarView.swift in Sources */ = {isa = PBXBuildFile; fileRef = 91505C4D269693CE003F913D /* AppControlsTopBarView.swift */; };
		91505C502696984E003F913D /* SettingsView.swift in Sources */ = {isa = PBXBuildFile; fileRef = 91505C4F2696984E003F913D /* SettingsView.swift */; };
		91505C52269740DE003F913D /* SupportedLanguagesModel.swift in Sources */ = {isa = PBXBuildFile; fileRef = 91505C51269740DD003F913D /* SupportedLanguagesModel.swift */; };
		915E23A6269C82B600442260 /* LibraryElementView.swift in Sources */ = {isa = PBXBuildFile; fileRef = 915E23A5269C82B600442260 /* LibraryElementView.swift */; };
		915E23A9269E249E00442260 /* CurrentDateView.swift in Sources */ = {isa = PBXBuildFile; fileRef = 915E23A8269E249E00442260 /* CurrentDateView.swift */; };
		916AEA6B268E6D3C0025824D /* tranzlator-a62301fcfe4e.json in Resources */ = {isa = PBXBuildFile; fileRef = 916AEA6A268E6D3C0025824D /* tranzlator-a62301fcfe4e.json */; };
		916AEA6D268E71540025824D /* GoogleService-Info.plist in Resources */ = {isa = PBXBuildFile; fileRef = 916AEA6C268E71540025824D /* GoogleService-Info.plist */; };
		91DE9DD6269F4BFE0024FF55 /* DateSection.swift in Sources */ = {isa = PBXBuildFile; fileRef = 91DE9DD5269F4BFE0024FF55 /* DateSection.swift */; };
		91DE9DD926A09AD50024FF55 /* NotSignedInView.swift in Sources */ = {isa = PBXBuildFile; fileRef = 91DE9DD826A09AD50024FF55 /* NotSignedInView.swift */; };
		91DE9DDB26A09ECE0024FF55 /* SignedInView.swift in Sources */ = {isa = PBXBuildFile; fileRef = 91DE9DDA26A09ECE0024FF55 /* SignedInView.swift */; };
		91DE9DDE26A0AF840024FF55 /* BuildFile in Frameworks */ = {isa = PBXBuildFile; productRef = 91DE9DDD26A0AF840024FF55 /* SwiftPackageProductDependency */; };
		91F845D326852FB200D04E5E /* TranzlatorApp.swift in Sources */ = {isa = PBXBuildFile; fileRef = 91F845D226852FB200D04E5E /* TranzlatorApp.swift */; };
		91F845D526852FB200D04E5E /* ContentView.swift in Sources */ = {isa = PBXBuildFile; fileRef = 91F845D426852FB200D04E5E /* ContentView.swift */; };
		91F845D726852FB300D04E5E /* Assets.xcassets in Resources */ = {isa = PBXBuildFile; fileRef = 91F845D626852FB300D04E5E /* Assets.xcassets */; };
		91F845DA26852FB300D04E5E /* Preview Assets.xcassets in Resources */ = {isa = PBXBuildFile; fileRef = 91F845D926852FB300D04E5E /* Preview Assets.xcassets */; };
		91F845E3268532D600D04E5E /* BuildFile in Frameworks */ = {isa = PBXBuildFile; productRef = 91F845E2268532D600D04E5E /* SwiftPackageProductDependency */; };
		91F845E5268532D600D04E5E /* BuildFile in Frameworks */ = {isa = PBXBuildFile; productRef = 91F845E4268532D600D04E5E /* SwiftPackageProductDependency */; };
/* End PBXBuildFile section */

/* Begin PBXFileReference section */
		2BDFBF08FB418EDCAA88A1AE /* Pods_Tranzlator.framework */ = {isa = PBXFileReference; explicitFileType = wrapper.framework; includeInIndex = 0; path = Pods_Tranzlator.framework; sourceTree = BUILT_PRODUCTS_DIR; };
		2F6A80ED6893D9D6DF6718B6 /* Pods-Tranzlator.release.xcconfig */ = {isa = PBXFileReference; includeInIndex = 1; lastKnownFileType = text.xcconfig; name = "Pods-Tranzlator.release.xcconfig"; path = "Target Support Files/Pods-Tranzlator/Pods-Tranzlator.release.xcconfig"; sourceTree = "<group>"; };
		7B664D69C774823B30509729 /* Pods-Tranzlator.debug.xcconfig */ = {isa = PBXFileReference; includeInIndex = 1; lastKnownFileType = text.xcconfig; name = "Pods-Tranzlator.debug.xcconfig"; path = "Target Support Files/Pods-Tranzlator/Pods-Tranzlator.debug.xcconfig"; sourceTree = "<group>"; };
		912C0DD82697B42F0001A947 /* SupportedLanguagesView.swift */ = {isa = PBXFileReference; lastKnownFileType = sourcecode.swift; path = SupportedLanguagesView.swift; sourceTree = "<group>"; };
		912D09B32694C13A00300703 /* GoogleIDSignIn.swift */ = {isa = PBXFileReference; lastKnownFileType = sourcecode.swift; path = GoogleIDSignIn.swift; sourceTree = "<group>"; };
		912D09B52695DE8400300703 /* Log.swift */ = {isa = PBXFileReference; lastKnownFileType = sourcecode.swift; path = Log.swift; sourceTree = "<group>"; };
		912D09B72695EC8D00300703 /* ProfileModel.swift */ = {isa = PBXFileReference; lastKnownFileType = sourcecode.swift; path = ProfileModel.swift; sourceTree = "<group>"; };
		912D09B92696026000300703 /* API.swift */ = {isa = PBXFileReference; lastKnownFileType = sourcecode.swift; path = API.swift; sourceTree = "<group>"; };
		912D09BB2696032100300703 /* TranslationModel.swift */ = {isa = PBXFileReference; lastKnownFileType = sourcecode.swift; path = TranslationModel.swift; sourceTree = "<group>"; };
		912D09BF2696195400300703 /* MainView.swift */ = {isa = PBXFileReference; lastKnownFileType = sourcecode.swift; path = MainView.swift; sourceTree = "<group>"; };
		912D09C526963C5B00300703 /* TranslationView.swift */ = {isa = PBXFileReference; lastKnownFileType = sourcecode.swift; path = TranslationView.swift; sourceTree = "<group>"; };
		912D09C72696469100300703 /* RoundedCorners.swift */ = {isa = PBXFileReference; lastKnownFileType = sourcecode.swift; path = RoundedCorners.swift; sourceTree = "<group>"; };
		912D09C9269646B700300703 /* ActiveLanguagesView.swift */ = {isa = PBXFileReference; lastKnownFileType = sourcecode.swift; path = ActiveLanguagesView.swift; sourceTree = "<group>"; };
		912D09CB2696472700300703 /* MultilineTextField.swift */ = {isa = PBXFileReference; lastKnownFileType = sourcecode.swift; path = MultilineTextField.swift; sourceTree = "<group>"; };
		913A38112698D956001EC26A /* RequestControllerModel.swift */ = {isa = PBXFileReference; lastKnownFileType = sourcecode.swift; path = RequestControllerModel.swift; sourceTree = "<group>"; };
		913A38132698DF02001EC26A /* TranslatedTextView.swift */ = {isa = PBXFileReference; lastKnownFileType = sourcecode.swift; path = TranslatedTextView.swift; sourceTree = "<group>"; };
		913A381B2699CF25001EC26A /* TranslationModelDB.swift */ = {isa = PBXFileReference; lastKnownFileType = sourcecode.swift; path = TranslationModelDB.swift; sourceTree = "<group>"; };
		913A381D269A2F8C001EC26A /* TranslationsDB.swift */ = {isa = PBXFileReference; lastKnownFileType = sourcecode.swift; path = TranslationsDB.swift; sourceTree = "<group>"; };
		913A381F269A315B001EC26A /* LibraryView.swift */ = {isa = PBXFileReference; lastKnownFileType = sourcecode.swift; path = LibraryView.swift; sourceTree = "<group>"; };
		91505C4D269693CE003F913D /* AppControlsTopBarView.swift */ = {isa = PBXFileReference; lastKnownFileType = sourcecode.swift; path = AppControlsTopBarView.swift; sourceTree = "<group>"; };
		91505C4F2696984E003F913D /* SettingsView.swift */ = {isa = PBXFileReference; lastKnownFileType = sourcecode.swift; path = SettingsView.swift; sourceTree = "<group>"; };
		91505C51269740DD003F913D /* SupportedLanguagesModel.swift */ = {isa = PBXFileReference; lastKnownFileType = sourcecode.swift; path = SupportedLanguagesModel.swift; sourceTree = "<group>"; };
		915E23A5269C82B600442260 /* LibraryElementView.swift */ = {isa = PBXFileReference; lastKnownFileType = sourcecode.swift; path = LibraryElementView.swift; sourceTree = "<group>"; };
		915E23A8269E249E00442260 /* CurrentDateView.swift */ = {isa = PBXFileReference; lastKnownFileType = sourcecode.swift; path = CurrentDateView.swift; sourceTree = "<group>"; };
		916AEA6A268E6D3C0025824D /* tranzlator-a62301fcfe4e.json */ = {isa = PBXFileReference; fileEncoding = 4; lastKnownFileType = text.json; path = "tranzlator-a62301fcfe4e.json"; sourceTree = "<group>"; };
		916AEA6C268E71540025824D /* GoogleService-Info.plist */ = {isa = PBXFileReference; fileEncoding = 4; lastKnownFileType = text.plist.xml; path = "GoogleService-Info.plist"; sourceTree = "<group>"; };
		91DE9DD5269F4BFE0024FF55 /* DateSection.swift */ = {isa = PBXFileReference; lastKnownFileType = sourcecode.swift; path = DateSection.swift; sourceTree = "<group>"; };
		91DE9DD826A09AD50024FF55 /* NotSignedInView.swift */ = {isa = PBXFileReference; lastKnownFileType = sourcecode.swift; path = NotSignedInView.swift; sourceTree = "<group>"; };
		91DE9DDA26A09ECE0024FF55 /* SignedInView.swift */ = {isa = PBXFileReference; lastKnownFileType = sourcecode.swift; path = SignedInView.swift; sourceTree = "<group>"; };
		91F845CF26852FB200D04E5E /* Tranzlator.app */ = {isa = PBXFileReference; explicitFileType = wrapper.application; includeInIndex = 0; path = Tranzlator.app; sourceTree = BUILT_PRODUCTS_DIR; };
		91F845D226852FB200D04E5E /* TranzlatorApp.swift */ = {isa = PBXFileReference; lastKnownFileType = sourcecode.swift; path = TranzlatorApp.swift; sourceTree = "<group>"; };
		91F845D426852FB200D04E5E /* ContentView.swift */ = {isa = PBXFileReference; lastKnownFileType = sourcecode.swift; path = ContentView.swift; sourceTree = "<group>"; };
		91F845D626852FB300D04E5E /* Assets.xcassets */ = {isa = PBXFileReference; lastKnownFileType = folder.assetcatalog; path = Assets.xcassets; sourceTree = "<group>"; };
		91F845D926852FB300D04E5E /* Preview Assets.xcassets */ = {isa = PBXFileReference; lastKnownFileType = folder.assetcatalog; path = "Preview Assets.xcassets"; sourceTree = "<group>"; };
		91F845DB26852FB300D04E5E /* Info.plist */ = {isa = PBXFileReference; lastKnownFileType = text.plist.xml; path = Info.plist; sourceTree = "<group>"; };
/* End PBXFileReference section */

/* Begin PBXFrameworksBuildPhase section */
		91F845CC26852FB200D04E5E /* Frameworks */ = {
			isa = PBXFrameworksBuildPhase;
			buildActionMask = 2147483647;
			files = (
				91DE9DDE26A0AF840024FF55 /* BuildFile in Frameworks */,
				912A749C2689E19E00263A29 /* BuildFile in Frameworks */,
				91F845E5268532D600D04E5E /* BuildFile in Frameworks */,
				912D09CF269648F600300703 /* BuildFile in Frameworks */,
				91F845E3268532D600D04E5E /* BuildFile in Frameworks */,
				514DF1E4E1142430278EA5AA /* Pods_Tranzlator.framework in Frameworks */,
			);
			runOnlyForDeploymentPostprocessing = 0;
		};
/* End PBXFrameworksBuildPhase section */

/* Begin PBXGroup section */
		912D09C12696385C00300703 /* GoogleServices */ = {
			isa = PBXGroup;
			children = (
				916AEA6A268E6D3C0025824D /* tranzlator-a62301fcfe4e.json */,
				916AEA6C268E71540025824D /* GoogleService-Info.plist */,
			);
			path = GoogleServices;
			sourceTree = "<group>";
		};
		912D09C22696387F00300703 /* Views */ = {
			isa = PBXGroup;
			children = (
				913A38182699C136001EC26A /* HelperViews */,
				913A38172699C0C9001EC26A /* MainFlow */,
			);
			path = Views;
			sourceTree = "<group>";
		};
		912D09C3269638B000300703 /* WorkingClasses */ = {
			isa = PBXGroup;
			children = (
				912D09B92696026000300703 /* API.swift */,
				912D09B52695DE8400300703 /* Log.swift */,
				912D09B32694C13A00300703 /* GoogleIDSignIn.swift */,
				913A381D269A2F8C001EC26A /* TranslationsDB.swift */,
			);
			path = WorkingClasses;
			sourceTree = "<group>";
		};
		912D09C4269638DA00300703 /* Models */ = {
			isa = PBXGroup;
			children = (
				913A381B2699CF25001EC26A /* TranslationModelDB.swift */,
				912D09BB2696032100300703 /* TranslationModel.swift */,
				912D09B72695EC8D00300703 /* ProfileModel.swift */,
				91505C51269740DD003F913D /* SupportedLanguagesModel.swift */,
				913A38112698D956001EC26A /* RequestControllerModel.swift */,
				91DE9DD5269F4BFE0024FF55 /* DateSection.swift */,
			);
			path = Models;
			sourceTree = "<group>";
		};
		913A38172699C0C9001EC26A /* MainFlow */ = {
			isa = PBXGroup;
			children = (
				91DE9DD726A091E40024FF55 /* SettingsView */,
				915E23A4269C829800442260 /* LibraryView */,
				913A381A2699C1D5001EC26A /* TranslationView */,
				91505C4D269693CE003F913D /* AppControlsTopBarView.swift */,
				91F845D426852FB200D04E5E /* ContentView.swift */,
				912D09BF2696195400300703 /* MainView.swift */,
			);
			path = MainFlow;
			sourceTree = "<group>";
		};
		913A38182699C136001EC26A /* HelperViews */ = {
			isa = PBXGroup;
			children = (
				912D09C72696469100300703 /* RoundedCorners.swift */,
			);
			path = HelperViews;
			sourceTree = "<group>";
		};
		913A38192699C179001EC26A /* Components */ = {
			isa = PBXGroup;
			children = (
				912C0DD82697B42F0001A947 /* SupportedLanguagesView.swift */,
				912D09CB2696472700300703 /* MultilineTextField.swift */,
				912D09C9269646B700300703 /* ActiveLanguagesView.swift */,
				913A38132698DF02001EC26A /* TranslatedTextView.swift */,
			);
			path = Components;
			sourceTree = "<group>";
		};
		913A381A2699C1D5001EC26A /* TranslationView */ = {
			isa = PBXGroup;
			children = (
				912D09C526963C5B00300703 /* TranslationView.swift */,
				913A38192699C179001EC26A /* Components */,
			);
			path = TranslationView;
			sourceTree = "<group>";
		};
		915E23A4269C829800442260 /* LibraryView */ = {
			isa = PBXGroup;
			children = (
				915E23A7269C87EB00442260 /* Components */,
				913A381F269A315B001EC26A /* LibraryView.swift */,
			);
			path = LibraryView;
			sourceTree = "<group>";
		};
		915E23A7269C87EB00442260 /* Components */ = {
			isa = PBXGroup;
			children = (
				915E23A5269C82B600442260 /* LibraryElementView.swift */,
				915E23A8269E249E00442260 /* CurrentDateView.swift */,
			);
			path = Components;
			sourceTree = "<group>";
		};
		91DE9DD726A091E40024FF55 /* SettingsView */ = {
			isa = PBXGroup;
			children = (
				91505C4F2696984E003F913D /* SettingsView.swift */,
				91DE9DD826A09AD50024FF55 /* NotSignedInView.swift */,
				91DE9DDA26A09ECE0024FF55 /* SignedInView.swift */,
			);
			path = SettingsView;
			sourceTree = "<group>";
		};
		91F845C626852FB200D04E5E = {
			isa = PBXGroup;
			children = (
				91F845D126852FB200D04E5E /* Tranzlator */,
				91F845D026852FB200D04E5E /* Products */,
				D3048E23E1A587417A492587 /* Pods */,
				EC7FB2F804E5DAC79132B648 /* Frameworks */,
			);
			sourceTree = "<group>";
		};
		91F845D026852FB200D04E5E /* Products */ = {
			isa = PBXGroup;
			children = (
				91F845CF26852FB200D04E5E /* Tranzlator.app */,
			);
			name = Products;
			sourceTree = "<group>";
		};
		91F845D126852FB200D04E5E /* Tranzlator */ = {
			isa = PBXGroup;
			children = (
				912D09C4269638DA00300703 /* Models */,
				912D09C3269638B000300703 /* WorkingClasses */,
				912D09C22696387F00300703 /* Views */,
				912D09C12696385C00300703 /* GoogleServices */,
				91F845D226852FB200D04E5E /* TranzlatorApp.swift */,
				91F845D626852FB300D04E5E /* Assets.xcassets */,
				91F845DB26852FB300D04E5E /* Info.plist */,
				91F845D826852FB300D04E5E /* Preview Content */,
			);
			path = Tranzlator;
			sourceTree = "<group>";
		};
		91F845D826852FB300D04E5E /* Preview Content */ = {
			isa = PBXGroup;
			children = (
				91F845D926852FB300D04E5E /* Preview Assets.xcassets */,
			);
			path = "Preview Content";
			sourceTree = "<group>";
		};
		D3048E23E1A587417A492587 /* Pods */ = {
			isa = PBXGroup;
			children = (
				7B664D69C774823B30509729 /* Pods-Tranzlator.debug.xcconfig */,
				2F6A80ED6893D9D6DF6718B6 /* Pods-Tranzlator.release.xcconfig */,
			);
			path = Pods;
			sourceTree = "<group>";
		};
		EC7FB2F804E5DAC79132B648 /* Frameworks */ = {
			isa = PBXGroup;
			children = (
				2BDFBF08FB418EDCAA88A1AE /* Pods_Tranzlator.framework */,
			);
			name = Frameworks;
			sourceTree = "<group>";
		};
/* End PBXGroup section */

/* Begin PBXNativeTarget section */
		91F845CE26852FB200D04E5E /* Tranzlator */ = {
			isa = PBXNativeTarget;
			buildConfigurationList = 91F845DE26852FB300D04E5E /* Build configuration list for PBXNativeTarget "Tranzlator" */;
			buildPhases = (
				E3860CE4B7C001654A94A61D /* [CP] Check Pods Manifest.lock */,
				91F845CB26852FB200D04E5E /* Sources */,
				91F845CC26852FB200D04E5E /* Frameworks */,
				91F845CD26852FB200D04E5E /* Resources */,
				42FD7E60D88BDC589A1E3B38 /* [CP] Embed Pods Frameworks */,
			);
			buildRules = (
			);
			dependencies = (
			);
			name = Tranzlator;
			packageProductDependencies = (
				91F845E2268532D600D04E5E /* SwiftPackageProductDependency */,
				91F845E4268532D600D04E5E /* SwiftPackageProductDependency */,
				912A749B2689E19E00263A29 /* SwiftPackageProductDependency */,
				912D09CE269648F600300703 /* SwiftPackageProductDependency */,
				91DE9DDD26A0AF840024FF55 /* SwiftPackageProductDependency */,
			);
			productName = Tranzlator;
			productReference = 91F845CF26852FB200D04E5E /* Tranzlator.app */;
			productType = "com.apple.product-type.application";
		};
/* End PBXNativeTarget section */

/* Begin PBXProject section */
		91F845C726852FB200D04E5E /* Project object */ = {
			isa = PBXProject;
			attributes = {
				LastSwiftUpdateCheck = 1250;
				LastUpgradeCheck = 1250;
				TargetAttributes = {
					91F845CE26852FB200D04E5E = {
						CreatedOnToolsVersion = 12.5.1;
					};
				};
			};
			buildConfigurationList = 91F845CA26852FB200D04E5E /* Build configuration list for PBXProject "Tranzlator" */;
			compatibilityVersion = "Xcode 9.3";
			developmentRegion = en;
			hasScannedForEncodings = 0;
			knownRegions = (
				en,
				Base,
			);
			mainGroup = 91F845C626852FB200D04E5E;
			packageReferences = (
				91F845E1268532D600D04E5E /* RemoteSwiftPackageReference */,
				912A749A2689E19E00263A29 /* RemoteSwiftPackageReference */,
				912D09CD269648F600300703 /* RemoteSwiftPackageReference */,
				91DE9DDC26A0AF840024FF55 /* RemoteSwiftPackageReference */,
			);
			productRefGroup = 91F845D026852FB200D04E5E /* Products */;
			projectDirPath = "";
			projectRoot = "";
			targets = (
				91F845CE26852FB200D04E5E /* Tranzlator */,
			);
		};
/* End PBXProject section */

/* Begin PBXResourcesBuildPhase section */
		91F845CD26852FB200D04E5E /* Resources */ = {
			isa = PBXResourcesBuildPhase;
			buildActionMask = 2147483647;
			files = (
				91F845DA26852FB300D04E5E /* Preview Assets.xcassets in Resources */,
				916AEA6D268E71540025824D /* GoogleService-Info.plist in Resources */,
				91F845D726852FB300D04E5E /* Assets.xcassets in Resources */,
				916AEA6B268E6D3C0025824D /* tranzlator-a62301fcfe4e.json in Resources */,
			);
			runOnlyForDeploymentPostprocessing = 0;
		};
/* End PBXResourcesBuildPhase section */

/* Begin PBXShellScriptBuildPhase section */
		42FD7E60D88BDC589A1E3B38 /* [CP] Embed Pods Frameworks */ = {
			isa = PBXShellScriptBuildPhase;
			buildActionMask = 2147483647;
			files = (
			);
			inputFileListPaths = (
				"${PODS_ROOT}/Target Support Files/Pods-Tranzlator/Pods-Tranzlator-frameworks-${CONFIGURATION}-input-files.xcfilelist",
			);
			name = "[CP] Embed Pods Frameworks";
			outputFileListPaths = (
				"${PODS_ROOT}/Target Support Files/Pods-Tranzlator/Pods-Tranzlator-frameworks-${CONFIGURATION}-output-files.xcfilelist",
			);
			runOnlyForDeploymentPostprocessing = 0;
			shellPath = /bin/sh;
			shellScript = "\"${PODS_ROOT}/Target Support Files/Pods-Tranzlator/Pods-Tranzlator-frameworks.sh\"\n";
			showEnvVarsInLog = 0;
		};
		E3860CE4B7C001654A94A61D /* [CP] Check Pods Manifest.lock */ = {
			isa = PBXShellScriptBuildPhase;
			buildActionMask = 2147483647;
			files = (
			);
			inputFileListPaths = (
			);
			inputPaths = (
				"${PODS_PODFILE_DIR_PATH}/Podfile.lock",
				"${PODS_ROOT}/Manifest.lock",
			);
			name = "[CP] Check Pods Manifest.lock";
			outputFileListPaths = (
			);
			outputPaths = (
				"$(DERIVED_FILE_DIR)/Pods-Tranzlator-checkManifestLockResult.txt",
			);
			runOnlyForDeploymentPostprocessing = 0;
			shellPath = /bin/sh;
			shellScript = "diff \"${PODS_PODFILE_DIR_PATH}/Podfile.lock\" \"${PODS_ROOT}/Manifest.lock\" > /dev/null\nif [ $? != 0 ] ; then\n    # print error to STDERR\n    echo \"error: The sandbox is not in sync with the Podfile.lock. Run 'pod install' or update your CocoaPods installation.\" >&2\n    exit 1\nfi\n# This output is used by Xcode 'outputs' to avoid re-running this script phase.\necho \"SUCCESS\" > \"${SCRIPT_OUTPUT_FILE_0}\"\n";
			showEnvVarsInLog = 0;
		};
/* End PBXShellScriptBuildPhase section */

/* Begin PBXSourcesBuildPhase section */
		91F845CB26852FB200D04E5E /* Sources */ = {
			isa = PBXSourcesBuildPhase;
			buildActionMask = 2147483647;
			files = (
				91505C502696984E003F913D /* SettingsView.swift in Sources */,
				915E23A6269C82B600442260 /* LibraryElementView.swift in Sources */,
				913A38142698DF02001EC26A /* TranslatedTextView.swift in Sources */,
				913A38122698D956001EC26A /* RequestControllerModel.swift in Sources */,
				912C0DD92697B42F0001A947 /* SupportedLanguagesView.swift in Sources */,
				912D09C82696469100300703 /* RoundedCorners.swift in Sources */,
				91DE9DD926A09AD50024FF55 /* NotSignedInView.swift in Sources */,
				91F845D526852FB200D04E5E /* ContentView.swift in Sources */,
				912D09CC2696472700300703 /* MultilineTextField.swift in Sources */,
				912D09B82695EC8D00300703 /* ProfileModel.swift in Sources */,
				912D09C626963C5B00300703 /* TranslationView.swift in Sources */,
				91505C52269740DE003F913D /* SupportedLanguagesModel.swift in Sources */,
				91DE9DD6269F4BFE0024FF55 /* DateSection.swift in Sources */,
				91505C4E269693CE003F913D /* AppControlsTopBarView.swift in Sources */,
				913A381C2699CF25001EC26A /* TranslationModelDB.swift in Sources */,
				912D09B62695DE8400300703 /* Log.swift in Sources */,
				912D09B42694C13A00300703 /* GoogleIDSignIn.swift in Sources */,
				91DE9DDB26A09ECE0024FF55 /* SignedInView.swift in Sources */,
				913A381E269A2F8C001EC26A /* TranslationsDB.swift in Sources */,
				91F845D326852FB200D04E5E /* TranzlatorApp.swift in Sources */,
				912D09BC2696032100300703 /* TranslationModel.swift in Sources */,
				913A3820269A315B001EC26A /* LibraryView.swift in Sources */,
				915E23A9269E249E00442260 /* CurrentDateView.swift in Sources */,
				912D09C02696195400300703 /* MainView.swift in Sources */,
				912D09CA269646B700300703 /* ActiveLanguagesView.swift in Sources */,
				912D09BA2696026000300703 /* API.swift in Sources */,
			);
			runOnlyForDeploymentPostprocessing = 0;
		};
/* End PBXSourcesBuildPhase section */

/* Begin XCBuildConfiguration section */
		91F845DC26852FB300D04E5E /* Debug */ = {
			isa = XCBuildConfiguration;
			buildSettings = {
				ALWAYS_SEARCH_USER_PATHS = NO;
				CLANG_ANALYZER_NONNULL = YES;
				CLANG_ANALYZER_NUMBER_OBJECT_CONVERSION = YES_AGGRESSIVE;
				CLANG_CXX_LANGUAGE_STANDARD = "gnu++14";
				CLANG_CXX_LIBRARY = "libc++";
				CLANG_ENABLE_MODULES = YES;
				CLANG_ENABLE_OBJC_ARC = YES;
				CLANG_ENABLE_OBJC_WEAK = YES;
				CLANG_WARN_BLOCK_CAPTURE_AUTORELEASING = YES;
				CLANG_WARN_BOOL_CONVERSION = YES;
				CLANG_WARN_COMMA = YES;
				CLANG_WARN_CONSTANT_CONVERSION = YES;
				CLANG_WARN_DEPRECATED_OBJC_IMPLEMENTATIONS = YES;
				CLANG_WARN_DIRECT_OBJC_ISA_USAGE = YES_ERROR;
				CLANG_WARN_DOCUMENTATION_COMMENTS = YES;
				CLANG_WARN_EMPTY_BODY = YES;
				CLANG_WARN_ENUM_CONVERSION = YES;
				CLANG_WARN_INFINITE_RECURSION = YES;
				CLANG_WARN_INT_CONVERSION = YES;
				CLANG_WARN_NON_LITERAL_NULL_CONVERSION = YES;
				CLANG_WARN_OBJC_IMPLICIT_RETAIN_SELF = YES;
				CLANG_WARN_OBJC_LITERAL_CONVERSION = YES;
				CLANG_WARN_OBJC_ROOT_CLASS = YES_ERROR;
				CLANG_WARN_QUOTED_INCLUDE_IN_FRAMEWORK_HEADER = YES;
				CLANG_WARN_RANGE_LOOP_ANALYSIS = YES;
				CLANG_WARN_STRICT_PROTOTYPES = YES;
				CLANG_WARN_SUSPICIOUS_MOVE = YES;
				CLANG_WARN_UNGUARDED_AVAILABILITY = YES_AGGRESSIVE;
				CLANG_WARN_UNREACHABLE_CODE = YES;
				CLANG_WARN__DUPLICATE_METHOD_MATCH = YES;
				COPY_PHASE_STRIP = NO;
				DEBUG_INFORMATION_FORMAT = dwarf;
				ENABLE_STRICT_OBJC_MSGSEND = YES;
				ENABLE_TESTABILITY = YES;
				GCC_C_LANGUAGE_STANDARD = gnu11;
				GCC_DYNAMIC_NO_PIC = NO;
				GCC_NO_COMMON_BLOCKS = YES;
				GCC_OPTIMIZATION_LEVEL = 0;
				GCC_PREPROCESSOR_DEFINITIONS = (
					"DEBUG=1",
					"$(inherited)",
				);
				GCC_WARN_64_TO_32_BIT_CONVERSION = YES;
				GCC_WARN_ABOUT_RETURN_TYPE = YES_ERROR;
				GCC_WARN_UNDECLARED_SELECTOR = YES;
				GCC_WARN_UNINITIALIZED_AUTOS = YES_AGGRESSIVE;
				GCC_WARN_UNUSED_FUNCTION = YES;
				GCC_WARN_UNUSED_VARIABLE = YES;
				IPHONEOS_DEPLOYMENT_TARGET = 13.0;
				MTL_ENABLE_DEBUG_INFO = INCLUDE_SOURCE;
				MTL_FAST_MATH = YES;
				ONLY_ACTIVE_ARCH = YES;
				SDKROOT = iphoneos;
				SWIFT_ACTIVE_COMPILATION_CONDITIONS = DEBUG;
				SWIFT_OPTIMIZATION_LEVEL = "-Onone";
			};
			name = Debug;
		};
		91F845DD26852FB300D04E5E /* Release */ = {
			isa = XCBuildConfiguration;
			buildSettings = {
				ALWAYS_SEARCH_USER_PATHS = NO;
				CLANG_ANALYZER_NONNULL = YES;
				CLANG_ANALYZER_NUMBER_OBJECT_CONVERSION = YES_AGGRESSIVE;
				CLANG_CXX_LANGUAGE_STANDARD = "gnu++14";
				CLANG_CXX_LIBRARY = "libc++";
				CLANG_ENABLE_MODULES = YES;
				CLANG_ENABLE_OBJC_ARC = YES;
				CLANG_ENABLE_OBJC_WEAK = YES;
				CLANG_WARN_BLOCK_CAPTURE_AUTORELEASING = YES;
				CLANG_WARN_BOOL_CONVERSION = YES;
				CLANG_WARN_COMMA = YES;
				CLANG_WARN_CONSTANT_CONVERSION = YES;
				CLANG_WARN_DEPRECATED_OBJC_IMPLEMENTATIONS = YES;
				CLANG_WARN_DIRECT_OBJC_ISA_USAGE = YES_ERROR;
				CLANG_WARN_DOCUMENTATION_COMMENTS = YES;
				CLANG_WARN_EMPTY_BODY = YES;
				CLANG_WARN_ENUM_CONVERSION = YES;
				CLANG_WARN_INFINITE_RECURSION = YES;
				CLANG_WARN_INT_CONVERSION = YES;
				CLANG_WARN_NON_LITERAL_NULL_CONVERSION = YES;
				CLANG_WARN_OBJC_IMPLICIT_RETAIN_SELF = YES;
				CLANG_WARN_OBJC_LITERAL_CONVERSION = YES;
				CLANG_WARN_OBJC_ROOT_CLASS = YES_ERROR;
				CLANG_WARN_QUOTED_INCLUDE_IN_FRAMEWORK_HEADER = YES;
				CLANG_WARN_RANGE_LOOP_ANALYSIS = YES;
				CLANG_WARN_STRICT_PROTOTYPES = YES;
				CLANG_WARN_SUSPICIOUS_MOVE = YES;
				CLANG_WARN_UNGUARDED_AVAILABILITY = YES_AGGRESSIVE;
				CLANG_WARN_UNREACHABLE_CODE = YES;
				CLANG_WARN__DUPLICATE_METHOD_MATCH = YES;
				COPY_PHASE_STRIP = NO;
				DEBUG_INFORMATION_FORMAT = "dwarf-with-dsym";
				ENABLE_NS_ASSERTIONS = NO;
				ENABLE_STRICT_OBJC_MSGSEND = YES;
				GCC_C_LANGUAGE_STANDARD = gnu11;
				GCC_NO_COMMON_BLOCKS = YES;
				GCC_WARN_64_TO_32_BIT_CONVERSION = YES;
				GCC_WARN_ABOUT_RETURN_TYPE = YES_ERROR;
				GCC_WARN_UNDECLARED_SELECTOR = YES;
				GCC_WARN_UNINITIALIZED_AUTOS = YES_AGGRESSIVE;
				GCC_WARN_UNUSED_FUNCTION = YES;
				GCC_WARN_UNUSED_VARIABLE = YES;
				IPHONEOS_DEPLOYMENT_TARGET = 13.0;
				MTL_ENABLE_DEBUG_INFO = NO;
				MTL_FAST_MATH = YES;
				SDKROOT = iphoneos;
				SWIFT_COMPILATION_MODE = wholemodule;
				SWIFT_OPTIMIZATION_LEVEL = "-O";
				VALIDATE_PRODUCT = YES;
			};
			name = Release;
		};
		91F845DF26852FB300D04E5E /* Debug */ = {
			isa = XCBuildConfiguration;
			baseConfigurationReference = 7B664D69C774823B30509729 /* Pods-Tranzlator.debug.xcconfig */;
			buildSettings = {
				ASSETCATALOG_COMPILER_APPICON_NAME = AppIcon;
				ASSETCATALOG_COMPILER_GLOBAL_ACCENT_COLOR_NAME = AccentColor;
				CODE_SIGN_STYLE = Automatic;
				DEVELOPMENT_ASSET_PATHS = "\"Tranzlator/Preview Content\"";
				DEVELOPMENT_TEAM = TF3KT68FR3;
				ENABLE_PREVIEWS = YES;
				INFOPLIST_FILE = Tranzlator/Info.plist;
				IPHONEOS_DEPLOYMENT_TARGET = 14.0;
				LD_RUNPATH_SEARCH_PATHS = (
					"$(inherited)",
					"@executable_path/Frameworks",
				);
				PRODUCT_BUNDLE_IDENTIFIER = com.camille.Tranzlator;
				PRODUCT_NAME = "$(TARGET_NAME)";
				SWIFT_VERSION = 5.0;
				TARGETED_DEVICE_FAMILY = "1,2";
			};
			name = Debug;
		};
		91F845E026852FB300D04E5E /* Release */ = {
			isa = XCBuildConfiguration;
			baseConfigurationReference = 2F6A80ED6893D9D6DF6718B6 /* Pods-Tranzlator.release.xcconfig */;
			buildSettings = {
				ASSETCATALOG_COMPILER_APPICON_NAME = AppIcon;
				ASSETCATALOG_COMPILER_GLOBAL_ACCENT_COLOR_NAME = AccentColor;
				CODE_SIGN_STYLE = Automatic;
				DEVELOPMENT_ASSET_PATHS = "\"Tranzlator/Preview Content\"";
				DEVELOPMENT_TEAM = TF3KT68FR3;
				ENABLE_PREVIEWS = YES;
				INFOPLIST_FILE = Tranzlator/Info.plist;
				IPHONEOS_DEPLOYMENT_TARGET = 14.0;
				LD_RUNPATH_SEARCH_PATHS = (
					"$(inherited)",
					"@executable_path/Frameworks",
				);
				PRODUCT_BUNDLE_IDENTIFIER = com.camille.Tranzlator;
				PRODUCT_NAME = "$(TARGET_NAME)";
				SWIFT_VERSION = 5.0;
				TARGETED_DEVICE_FAMILY = "1,2";
			};
			name = Release;
		};
/* End XCBuildConfiguration section */

/* Begin XCConfigurationList section */
		91F845CA26852FB200D04E5E /* Build configuration list for PBXProject "Tranzlator" */ = {
			isa = XCConfigurationList;
			buildConfigurations = (
				91F845DC26852FB300D04E5E /* Debug */,
				91F845DD26852FB300D04E5E /* Release */,
			);
			defaultConfigurationIsVisible = 0;
			defaultConfigurationName = Release;
		};
		91F845DE26852FB300D04E5E /* Build configuration list for PBXNativeTarget "Tranzlator" */ = {
			isa = XCConfigurationList;
			buildConfigurations = (
				91F845DF26852FB300D04E5E /* Debug */,
				91F845E026852FB300D04E5E /* Release */,
			);
			defaultConfigurationIsVisible = 0;
			defaultConfigurationName = Release;
		};
/* End XCConfigurationList section */

/* Begin XCRemoteSwiftPackageReference section */
		912A749A2689E19E00263A29 /* RemoteSwiftPackageReference */ = {
			isa = XCRemoteSwiftPackageReference;
			repositoryURL = "https://github.com/Alamofire/Alamofire.git";
			requirement = {
				kind = upToNextMajorVersion;
				minimumVersion = 5.4.3;
			};
		};
		912D09CD269648F600300703 /* RemoteSwiftPackageReference */ = {
			isa = XCRemoteSwiftPackageReference;
			repositoryURL = "https://github.com/siteline/SwiftUI-Introspect.git";
			requirement = {
				kind = upToNextMajorVersion;
				minimumVersion = 0.1.3;
			};
		};
		91DE9DDC26A0AF840024FF55 /* RemoteSwiftPackageReference */ = {
			isa = XCRemoteSwiftPackageReference;
			repositoryURL = "https://github.com/onevcat/Kingfisher.git";
			requirement = {
				kind = upToNextMajorVersion;
				minimumVersion = 6.3.0;
			};
		};
		91F845E1268532D600D04E5E /* RemoteSwiftPackageReference */ = {
			isa = XCRemoteSwiftPackageReference;
			repositoryURL = "https://github.com/realm/realm-cocoa.git";
			requirement = {
				kind = upToNextMajorVersion;
				minimumVersion = 10.8.1;
			};
		};
/* End XCRemoteSwiftPackageReference section */

/* Begin XCSwiftPackageProductDependency section */
		912A749B2689E19E00263A29 /* SwiftPackageProductDependency */ = {
			isa = XCSwiftPackageProductDependency;
			package = 912A749A2689E19E00263A29 /* RemoteSwiftPackageReference */;
			productName = Alamofire;
		};
		912D09CE269648F600300703 /* SwiftPackageProductDependency */ = {
			isa = XCSwiftPackageProductDependency;
			package = 912D09CD269648F600300703 /* RemoteSwiftPackageReference */;
			productName = Introspect;
		};
		91DE9DDD26A0AF840024FF55 /* SwiftPackageProductDependency */ = {
			isa = XCSwiftPackageProductDependency;
			package = 91DE9DDC26A0AF840024FF55 /* RemoteSwiftPackageReference */;
			productName = Kingfisher;
		};
		91F845E2268532D600D04E5E /* SwiftPackageProductDependency */ = {
			isa = XCSwiftPackageProductDependency;
			package = 91F845E1268532D600D04E5E /* RemoteSwiftPackageReference */;
			productName = Realm;
		};
		91F845E4268532D600D04E5E /* SwiftPackageProductDependency */ = {
			isa = XCSwiftPackageProductDependency;
			package = 91F845E1268532D600D04E5E /* RemoteSwiftPackageReference */;
			productName = RealmSwift;
		};
/* End XCSwiftPackageProductDependency section */
	};
	rootObject = 91F845C726852FB200D04E5E /* Project object */;
}
